
Microsoft Visual Studio Solution File, Format Version 12.00
# Visual Studio 14
VisualStudioVersion = 14.0.22823.1
MinimumVisualStudioVersion = 10.0.40219.1
Project("{FAE04EC0-301F-11D3-BF4B-00C04F79EFBC}") = "WLNetworkRuntime", "WLNetworkRuntime\WLNetworkRuntime.csproj", "{66063693-99C5-4471-BCBF-5D2C6BA609BC}"
EndProject
Project("{FAE04EC0-301F-11D3-BF4B-00C04F79EFBC}") = "WLNetwork", "WLNetwork\WLNetwork.csproj", "{EA512D20-638E-432A-90B7-57A10A64060F}"
EndProject
Global
	GlobalSection(SolutionConfigurationPlatforms) = preSolution
		Debug|Any CPU = Debug|Any CPU
		Debug|x64 = Debug|x64
		Release|Any CPU = Release|Any CPU
		Release|x64 = Release|x64
	EndGlobalSection
	GlobalSection(ProjectConfigurationPlatforms) = postSolution
		{66063693-99C5-4471-BCBF-5D2C6BA609BC}.Debug|Any CPU.ActiveCfg = Debug|Any CPU
		{66063693-99C5-4471-BCBF-5D2C6BA609BC}.Debug|Any CPU.Build.0 = Debug|Any CPU
		{66063693-99C5-4471-BCBF-5D2C6BA609BC}.Debug|x64.ActiveCfg = Debug|x64
		{66063693-99C5-4471-BCBF-5D2C6BA609BC}.Debug|x64.Build.0 = Debug|x64
		{66063693-99C5-4471-BCBF-5D2C6BA609BC}.Release|Any CPU.ActiveCfg = Release|Any CPU
		{66063693-99C5-4471-BCBF-5D2C6BA609BC}.Release|Any CPU.Build.0 = Release|Any CPU
		{66063693-99C5-4471-BCBF-5D2C6BA609BC}.Release|x64.ActiveCfg = Release|x64
		{66063693-99C5-4471-BCBF-5D2C6BA609BC}.Release|x64.Build.0 = Release|x64
		{EA512D20-638E-432A-90B7-57A10A64060F}.Debug|Any CPU.ActiveCfg = Debug|Any CPU
		{EA512D20-638E-432A-90B7-57A10A64060F}.Debug|Any CPU.Build.0 = Debug|Any CPU
		{EA512D20-638E-432A-90B7-57A10A64060F}.Debug|x64.ActiveCfg = Debug|x64
		{EA512D20-638E-432A-90B7-57A10A64060F}.Debug|x64.Build.0 = Debug|x64
		{EA512D20-638E-432A-90B7-57A10A64060F}.Release|Any CPU.ActiveCfg = Release|Any CPU
		{EA512D20-638E-432A-90B7-57A10A64060F}.Release|Any CPU.Build.0 = Release|Any CPU
		{EA512D20-638E-432A-90B7-57A10A64060F}.Release|x64.ActiveCfg = Release|x64
		{EA512D20-638E-432A-90B7-57A10A64060F}.Release|x64.Build.0 = Release|x64
	EndGlobalSection
	GlobalSection(SolutionProperties) = preSolution
		HideSolutionNode = FALSE
	EndGlobalSection
EndGlobal
