
Microsoft Visual Studio Solution File, Format Version 12.00
# Visual Studio 2012
Project("{FAE04EC0-301F-11D3-BF4B-00C04F79EFBC}") = "WLNetwork", "WLNetwork\WLNetwork.csproj", "{CD854E09-58F2-40CE-8049-6CD713775B5F}"
EndProject
Project("{FAE04EC0-301F-11D3-BF4B-00C04F79EFBC}") = "WLNetworkRuntime", "WLNetworkRuntime\WLNetworkRuntime.csproj", "{5839B10F-C60C-4CC3-9BBC-ED4F0763906B}"
EndProject
Global
	GlobalSection(SolutionConfigurationPlatforms) = preSolution
		Debug|x86 = Debug|x86
		Release|x86 = Release|x86
	EndGlobalSection
	GlobalSection(ProjectConfigurationPlatforms) = postSolution
		{5839B10F-C60C-4CC3-9BBC-ED4F0763906B}.Debug|x86.ActiveCfg = Debug|Any CPU
		{5839B10F-C60C-4CC3-9BBC-ED4F0763906B}.Debug|x86.Build.0 = Debug|Any CPU
		{5839B10F-C60C-4CC3-9BBC-ED4F0763906B}.Release|x86.ActiveCfg = Release|Any CPU
		{5839B10F-C60C-4CC3-9BBC-ED4F0763906B}.Release|x86.Build.0 = Release|Any CPU
		{CD854E09-58F2-40CE-8049-6CD713775B5F}.Debug|x86.ActiveCfg = Debug|Any CPU
		{CD854E09-58F2-40CE-8049-6CD713775B5F}.Debug|x86.Build.0 = Debug|Any CPU
		{CD854E09-58F2-40CE-8049-6CD713775B5F}.Release|x86.ActiveCfg = Release|Any CPU
		{CD854E09-58F2-40CE-8049-6CD713775B5F}.Release|x86.Build.0 = Release|Any CPU
	EndGlobalSection
EndGlobal
